dependencies:
  espressif/esp_lvgl_port:
    component_hash: 11100917e7bc3166b56c6519b61d63b623db9abc8470e5d20439b3b2492477df
    source:
      service_url: https://api.components.espressif.com/
      type: service
    version: 1.3.0
  espressif/esp_wrover_kit:
    component_hash: fee64fa5f994cf3a0fb415e78f8833d47f10f8df4de50aeebc2241c1a65df638
    source:
      service_url: https://api.components.espressif.com/
      type: service
    version: 1.4.3
  idf:
    component_hash: null
    source:
      type: idf
    version: 5.1.1
  lvgl/lvgl:
    component_hash: 51022b16bce6ee90f54a8bd21cd6d497d886916899b577b1bebb9125b91e23fc
    source:
      service_url: https://api.components.espressif.com/
      type: service
    version: 8.3.10
  protocol_examples_common:
    component_hash: null
    source:
      path: C:\Espressif\frameworks\esp-idf-v5.1.1\examples\common_components\protocol_examples_common
      type: local
    version: '*'
manifest_hash: 754058dc8d5e3d99d0ef192e4855aae09ba102186c33ed1088a778f7ea3494f4
target: esp32
version: 1.0.0
